
Microsoft Visual Studio Solution File, Format Version 12.00
Project("{2150E333-8FDC-42A3-9474-1A3956D46DE8}") = "src", "src", "{DE17D072-D1E9-4FDC-8C09-EB8B8F97E4EE}"
EndProject
Project("{2150E333-8FDC-42A3-9474-1A3956D46DE8}") = "test", "test", "{78C62D31-489C-48CE-AF74-6CDBF8C83ED3}"
EndProject
Project("{2150E333-8FDC-42A3-9474-1A3956D46DE8}") = "doc", "doc", "{C5F0373E-21DE-4FFD-B57B-0EA04599B051}"
EndProject
Project("{2150E333-8FDC-42A3-9474-1A3956D46DE8}") = "env", "env", "{E2971A68-7446-41A9-BCD5-7DEBF60601F0}"
EndProject
Project("{FAE04EC0-301F-11D3-BF4B-00C04F79EFBC}") = "Consid.Logger.Host", "src\Consid.Logger.Host\Consid.Logger.Host.csproj", "{A54BFFBC-D7F3-45D2-94DC-F25F5BF047B5}"
EndProject
Project("{FAE04EC0-301F-11D3-BF4B-00C04F79EFBC}") = "Consid.Logger.ApplicationTest", "test\Consid.Logger.ApplicationTest\Consid.Logger.ApplicationTest.csproj", "{A77B9613-D733-4AF0-B8B4-DFDFAE3B4F25}"
EndProject
Project("{FAE04EC0-301F-11D3-BF4B-00C04F79EFBC}") = "Consid.Logger.BaseTest", "test\Consid.Logger.BaseTest\Consid.Logger.BaseTest.csproj", "{D3BB652C-54D3-4826-B5F2-077A2CF445ED}"
EndProject
Project("{FAE04EC0-301F-11D3-BF4B-00C04F79EFBC}") = "Consid.Logger.Api", "src\Consid.Logger.Api\Consid.Logger.Api.csproj", "{EC8A835A-E136-4DE1-908F-94FFA4402D66}"
EndProject
Project("{FAE04EC0-301F-11D3-BF4B-00C04F79EFBC}") = "Consid.Logger.Application", "src\Consid.Logger.Application\Consid.Logger.Application.csproj", "{2C6BF1A8-3E43-4325-A911-507682F6B998}"
EndProject
Project("{FAE04EC0-301F-11D3-BF4B-00C04F79EFBC}") = "Consid.Logger.Domain", "src\Consid.Logger.Domain\Consid.Logger.Domain.csproj", "{9CD52FBF-2313-4410-8648-CA46C46F2DE2}"
EndProject
Project("{FAE04EC0-301F-11D3-BF4B-00C04F79EFBC}") = "Consid.Logger.Adapter.Crone", "src\Consid.Logger.Adapter.Crone\Consid.Logger.Adapter.Crone.csproj", "{E99560EF-15B7-426E-B73A-D8F4A0595C33}"
EndProject
Global
	GlobalSection(SolutionConfigurationPlatforms) = preSolution
		Debug|Any CPU = Debug|Any CPU
		Release|Any CPU = Release|Any CPU
	EndGlobalSection
	GlobalSection(NestedProjects) = preSolution
		{A54BFFBC-D7F3-45D2-94DC-F25F5BF047B5} = {DE17D072-D1E9-4FDC-8C09-EB8B8F97E4EE}
		{A77B9613-D733-4AF0-B8B4-DFDFAE3B4F25} = {78C62D31-489C-48CE-AF74-6CDBF8C83ED3}
		{D3BB652C-54D3-4826-B5F2-077A2CF445ED} = {78C62D31-489C-48CE-AF74-6CDBF8C83ED3}
		{EC8A835A-E136-4DE1-908F-94FFA4402D66} = {DE17D072-D1E9-4FDC-8C09-EB8B8F97E4EE}
		{2C6BF1A8-3E43-4325-A911-507682F6B998} = {DE17D072-D1E9-4FDC-8C09-EB8B8F97E4EE}
		{9CD52FBF-2313-4410-8648-CA46C46F2DE2} = {DE17D072-D1E9-4FDC-8C09-EB8B8F97E4EE}
		{E99560EF-15B7-426E-B73A-D8F4A0595C33} = {DE17D072-D1E9-4FDC-8C09-EB8B8F97E4EE}
	EndGlobalSection
	GlobalSection(ProjectConfigurationPlatforms) = postSolution
		{A54BFFBC-D7F3-45D2-94DC-F25F5BF047B5}.Debug|Any CPU.ActiveCfg = Debug|Any CPU
		{A54BFFBC-D7F3-45D2-94DC-F25F5BF047B5}.Debug|Any CPU.Build.0 = Debug|Any CPU
		{A54BFFBC-D7F3-45D2-94DC-F25F5BF047B5}.Release|Any CPU.ActiveCfg = Release|Any CPU
		{A54BFFBC-D7F3-45D2-94DC-F25F5BF047B5}.Release|Any CPU.Build.0 = Release|Any CPU
		{A77B9613-D733-4AF0-B8B4-DFDFAE3B4F25}.Debug|Any CPU.ActiveCfg = Debug|Any CPU
		{A77B9613-D733-4AF0-B8B4-DFDFAE3B4F25}.Debug|Any CPU.Build.0 = Debug|Any CPU
		{A77B9613-D733-4AF0-B8B4-DFDFAE3B4F25}.Release|Any CPU.ActiveCfg = Release|Any CPU
		{A77B9613-D733-4AF0-B8B4-DFDFAE3B4F25}.Release|Any CPU.Build.0 = Release|Any CPU
		{D3BB652C-54D3-4826-B5F2-077A2CF445ED}.Debug|Any CPU.ActiveCfg = Debug|Any CPU
		{D3BB652C-54D3-4826-B5F2-077A2CF445ED}.Debug|Any CPU.Build.0 = Debug|Any CPU
		{D3BB652C-54D3-4826-B5F2-077A2CF445ED}.Release|Any CPU.ActiveCfg = Release|Any CPU
		{D3BB652C-54D3-4826-B5F2-077A2CF445ED}.Release|Any CPU.Build.0 = Release|Any CPU
		{EC8A835A-E136-4DE1-908F-94FFA4402D66}.Debug|Any CPU.ActiveCfg = Debug|Any CPU
		{EC8A835A-E136-4DE1-908F-94FFA4402D66}.Debug|Any CPU.Build.0 = Debug|Any CPU
		{EC8A835A-E136-4DE1-908F-94FFA4402D66}.Release|Any CPU.ActiveCfg = Release|Any CPU
		{EC8A835A-E136-4DE1-908F-94FFA4402D66}.Release|Any CPU.Build.0 = Release|Any CPU
		{2C6BF1A8-3E43-4325-A911-507682F6B998}.Debug|Any CPU.ActiveCfg = Debug|Any CPU
		{2C6BF1A8-3E43-4325-A911-507682F6B998}.Debug|Any CPU.Build.0 = Debug|Any CPU
		{2C6BF1A8-3E43-4325-A911-507682F6B998}.Release|Any CPU.ActiveCfg = Release|Any CPU
		{2C6BF1A8-3E43-4325-A911-507682F6B998}.Release|Any CPU.Build.0 = Release|Any CPU
		{9CD52FBF-2313-4410-8648-CA46C46F2DE2}.Debug|Any CPU.ActiveCfg = Debug|Any CPU
		{9CD52FBF-2313-4410-8648-CA46C46F2DE2}.Debug|Any CPU.Build.0 = Debug|Any CPU
		{9CD52FBF-2313-4410-8648-CA46C46F2DE2}.Release|Any CPU.ActiveCfg = Release|Any CPU
		{9CD52FBF-2313-4410-8648-CA46C46F2DE2}.Release|Any CPU.Build.0 = Release|Any CPU
		{E99560EF-15B7-426E-B73A-D8F4A0595C33}.Debug|Any CPU.ActiveCfg = Debug|Any CPU
		{E99560EF-15B7-426E-B73A-D8F4A0595C33}.Debug|Any CPU.Build.0 = Debug|Any CPU
		{E99560EF-15B7-426E-B73A-D8F4A0595C33}.Release|Any CPU.ActiveCfg = Release|Any CPU
		{E99560EF-15B7-426E-B73A-D8F4A0595C33}.Release|Any CPU.Build.0 = Release|Any CPU
	EndGlobalSection
EndGlobal
